# This file is autogenerated, do not edit; changes may be undone by the next 'dep ensure'.


[[projects]]
  digest = "1:9c6c19030ff2899d13cfc7a4dc14ff3f2772395d848aa67580f96e6a58aa405f"
  name = "github.com/Sirupsen/logrus"
  packages = ["."]
  pruneopts = "UT"
  revision = "55eb11d21d2a31a3cc93838241d04800f52e823d"

[[projects]]
  digest = "1:e894100bb5cc3b952965c9e7d160ea09cc31469a06d7d4bf5326184a87f5c726"
  name = "github.com/docker/distribution"
  packages = [
    "context",
    "registry/api/errcode",
    "registry/auth",
    "registry/auth/token",
    "uuid",
  ]
  pruneopts = "UT"
  revision = "48294d928ced5dd9b378f7fd7c6f5da3ff3f2c89"
  version = "v2.6.2"

[[projects]]
  digest = "1:0e229970bd76d6cdef6558f51ae493931485fb086d513bc4e3b80003bcf81f39"
  name = "github.com/docker/libtrust"
  packages = ["."]
  pruneopts = "UT"
  revision = "fa567046d9b14f6aa788882a950d69651d230b21"

[[projects]]
  digest = "1:f78f704db2735dd21b8050b305ceb4c98b2d50518730a83fdbead6702a57710e"
  name = "github.com/gophercloud/gophercloud"
  packages = [
    ".",
    "openstack",
    "openstack/identity/v2/tenants",
    "openstack/identity/v2/tokens",
    "openstack/identity/v3/tokens",
    "openstack/utils",
    "pagination",
  ]
  pruneopts = "UT"
  revision = "aa00757ee3ab58e53520b6cb910ca0543116400a"

[[projects]]
  digest = "1:c79fb010be38a59d657c48c6ba1d003a8aa651fa56b579d959d74573b7dff8e1"
  name = "github.com/gorilla/context"
  packages = ["."]
  pruneopts = "UT"
  revision = "08b5f424b9271eedf6f9f0ce86cb9396ed337a42"
  version = "v1.1.1"

[[projects]]
  digest = "1:c661dee65a46d437daf269e5f5f462bd9df6d8e7c9750ad1655fb2cafdb177a6"
  name = "github.com/gorilla/mux"
  packages = ["."]
  pruneopts = "UT"
  revision = "e444e69cbd2e2e3e0749a2f3c717cec491552bbf"

[[projects]]
  branch = "master"
  digest = "1:76ee51c3f468493aff39dbacc401e8831fbb765104cbf613b89bef01cf4bad70"
  name = "golang.org/x/net"
  packages = ["context"]
  pruneopts = "UT"
  revision = "03003ca0c849e57b6ea29a4bab8d3cb6e4d568fe"

[solve-meta]
  analyzer-name = "dep"
  analyzer-version = 1
  input-imports = [
    "github.com/Sirupsen/logrus",
    "github.com/docker/distribution/context",
    "github.com/docker/distribution/registry/api/errcode",
    "github.com/docker/distribution/registry/auth",
    "github.com/docker/distribution/registry/auth/token",
    "github.com/docker/libtrust",
    "github.com/gophercloud/gophercloud",
    "github.com/gophercloud/gophercloud/openstack",
    "github.com/gorilla/mux",
  ]
  solver-name = "gps-cdcl"
  solver-version = 1
